PODS:
  - Mantle (2.0.2):
    - Mantle/extobjc (= 2.0.2)
  - Mantle/extobjc (2.0.2)
  - SDWebImage (3.7.2):
    - SDWebImage/Core (= 3.7.2)
  - SDWebImage/Core (3.7.2)

DEPENDENCIES:
  - Mantle (~> 2.0)
  - SDWebImage (~> 3.7)

SPEC CHECKSUMS:
  Mantle: 967fd31ea0220890b2e76589198996b534bb3fb1
  SDWebImage: 71b7cdc1d1721d6a82ed62889030225f2c249e29

COCOAPODS: 0.37.2
